// !$*UTF8*$!
{
	archiveVersion = 1;
	classes = {
	};
	objectVersion = 46;
	objects = {

/* Begin PBXBuildFile section */
		9C04C0831B47C99E00C4C2F8 /* ArticleContentCell.swift in Sources */ = {isa = PBXBuildFile; fileRef = 9C04C0821B47C99E00C4C2F8 /* ArticleContentCell.swift */; };
		9C04C0871B47E84F00C4C2F8 /* UIView+Additions.m in Sources */ = {isa = PBXBuildFile; fileRef = 9C04C0861B47E84F00C4C2F8 /* UIView+Additions.m */; };
		9C13B70A1AA8533900A9420D /* SmthStructs.swift in Sources */ = {isa = PBXBuildFile; fileRef = 9C13B7091AA8533900A9420D /* SmthStructs.swift */; };
		9C16B0CC1B45963E007F1F31 /* UITableView+FDTemplateLayoutCell.m in Sources */ = {isa = PBXBuildFile; fileRef = 9C16B0CB1B45963E007F1F31 /* UITableView+FDTemplateLayoutCell.m */; };
		9C3065961AC23589004005D0 /* InfoPlist.strings in Resources */ = {isa = PBXBuildFile; fileRef = 9C3065981AC23589004005D0 /* InfoPlist.strings */; };
		9C33C8701AB8815700E5BFD2 /* FavListViewController.swift in Sources */ = {isa = PBXBuildFile; fileRef = 9C33C86F1AB8815700E5BFD2 /* FavListViewController.swift */; };
		9C3861381AB7E9AC0062340B /* ArticleListViewController.swift in Sources */ = {isa = PBXBuildFile; fileRef = 9C3861371AB7E9AC0062340B /* ArticleListViewController.swift */; };
		9C38613A1AB7F1AB0062340B /* ArticleListCell.swift in Sources */ = {isa = PBXBuildFile; fileRef = 9C3861391AB7F1AB0062340B /* ArticleListCell.swift */; };
		9C3BC2F71B49AC140027D9E2 /* TTTAttributedLabel.m in Sources */ = {isa = PBXBuildFile; fileRef = 9C3BC2F61B49AC140027D9E2 /* TTTAttributedLabel.m */; };
		9C3D34101ABA717900DC6E0E /* MailBoxViewController.swift in Sources */ = {isa = PBXBuildFile; fileRef = 9C3D340F1ABA717800DC6E0E /* MailBoxViewController.swift */; };
		9C3D34121ABA72DD00DC6E0E /* MailListCell.swift in Sources */ = {isa = PBXBuildFile; fileRef = 9C3D34111ABA72DD00DC6E0E /* MailListCell.swift */; };
		9C3D34141ABA814A00DC6E0E /* UserViewController.swift in Sources */ = {isa = PBXBuildFile; fileRef = 9C3D34131ABA814A00DC6E0E /* UserViewController.swift */; };
		9C40E71A1B40F16A00D0C673 /* AboutViewController.swift in Sources */ = {isa = PBXBuildFile; fileRef = 9C40E7191B40F16A00D0C673 /* AboutViewController.swift */; };
		9C5508C01AA98B32006931B6 /* HotTableViewController.swift in Sources */ = {isa = PBXBuildFile; fileRef = 9C5508BF1AA98B32006931B6 /* HotTableViewController.swift */; };
		9C5582911ABD9E9400D76A6E /* ComposeEmailController.swift in Sources */ = {isa = PBXBuildFile; fileRef = 9C5582901ABD9E9400D76A6E /* ComposeEmailController.swift */; };
		9C6D61F11AB9B4B3005A8259 /* ComposeArticleController.swift in Sources */ = {isa = PBXBuildFile; fileRef = 9C6D61F01AB9B4B3005A8259 /* ComposeArticleController.swift */; };
		9C72F6211ABD0ADE0098F9D8 /* ReferContentViewController.swift in Sources */ = {isa = PBXBuildFile; fileRef = 9C72F6201ABD0ADE0098F9D8 /* ReferContentViewController.swift */; };
		9C7700C81ABFB86800F9471B /* BaseTableViewController.swift in Sources */ = {isa = PBXBuildFile; fileRef = 9C7700C71ABFB86800F9471B /* BaseTableViewController.swift */; };
		9C9DE9841ABBB6B8001C292F /* MailContentViewController.swift in Sources */ = {isa = PBXBuildFile; fileRef = 9C9DE9831ABBB6B8001C292F /* MailContentViewController.swift */; };
		9C9E4F741AB5A0D50053CBD8 /* JTSAnimatedGIFUtility.m in Sources */ = {isa = PBXBuildFile; fileRef = 9C9E4F691AB5A0D50053CBD8 /* JTSAnimatedGIFUtility.m */; };
		9C9E4F751AB5A0D50053CBD8 /* JTSImageInfo.m in Sources */ = {isa = PBXBuildFile; fileRef = 9C9E4F6B1AB5A0D50053CBD8 /* JTSImageInfo.m */; };
		9C9E4F761AB5A0D50053CBD8 /* JTSImageViewController.m in Sources */ = {isa = PBXBuildFile; fileRef = 9C9E4F6D1AB5A0D50053CBD8 /* JTSImageViewController.m */; };
		9C9E4F771AB5A0D50053CBD8 /* JTSSimpleImageDownloader.m in Sources */ = {isa = PBXBuildFile; fileRef = 9C9E4F6F1AB5A0D50053CBD8 /* JTSSimpleImageDownloader.m */; };
		9C9E4F781AB5A0D50053CBD8 /* UIApplication+JTSImageViewController.m in Sources */ = {isa = PBXBuildFile; fileRef = 9C9E4F711AB5A0D50053CBD8 /* UIApplication+JTSImageViewController.m */; };
		9C9E4F791AB5A0D50053CBD8 /* UIImage+JTSImageEffects.m in Sources */ = {isa = PBXBuildFile; fileRef = 9C9E4F731AB5A0D50053CBD8 /* UIImage+JTSImageEffects.m */; };
		9C9E4F7B1AB5D2350053CBD8 /* SmthSplitViewController.swift in Sources */ = {isa = PBXBuildFile; fileRef = 9C9E4F7A1AB5D2350053CBD8 /* SmthSplitViewController.swift */; };
		9CA267C01AA7EF2400CE5C5D /* AppDelegate.swift in Sources */ = {isa = PBXBuildFile; fileRef = 9CA267BF1AA7EF2400CE5C5D /* AppDelegate.swift */; };
		9CA267C51AA7EF2500CE5C5D /* Main.storyboard in Resources */ = {isa = PBXBuildFile; fileRef = 9CA267C31AA7EF2400CE5C5D /* Main.storyboard */; };
		9CA267C71AA7EF2500CE5C5D /* Images.xcassets in Resources */ = {isa = PBXBuildFile; fileRef = 9CA267C61AA7EF2500CE5C5D /* Images.xcassets */; };
		9CA267CA1AA7EF2500CE5C5D /* LaunchScreen.xib in Resources */ = {isa = PBXBuildFile; fileRef = 9CA267C81AA7EF2500CE5C5D /* LaunchScreen.xib */; };
		9CA267D61AA7EF2500CE5C5D /* ZSMTHTests.swift in Sources */ = {isa = PBXBuildFile; fileRef = 9CA267D51AA7EF2500CE5C5D /* ZSMTHTests.swift */; };
		9CA267E41AA7EFFB00CE5C5D /* libSMTH_0.2.3.a in Frameworks */ = {isa = PBXBuildFile; fileRef = 9CA267E31AA7EFFB00CE5C5D /* libSMTH_0.2.3.a */; };
		9CA267EC1AA7F04600CE5C5D /* client_signature.m in Sources */ = {isa = PBXBuildFile; fileRef = 9CA267E71AA7F04600CE5C5D /* client_signature.m */; };
		9CA267ED1AA7F04600CE5C5D /* SMTHURLConnection+Addon.m in Sources */ = {isa = PBXBuildFile; fileRef = 9CA267EA1AA7F04600CE5C5D /* SMTHURLConnection+Addon.m */; };
		9CA267F01AA8021600CE5C5D /* SmthAPI.swift in Sources */ = {isa = PBXBuildFile; fileRef = 9CA267EF1AA8021600CE5C5D /* SmthAPI.swift */; };
		9CA5B2201B1870FB00C24777 /* EulaViewController.swift in Sources */ = {isa = PBXBuildFile; fileRef = 9CA5B21F1B1870FB00C24777 /* EulaViewController.swift */; };
		9CA61B9C1AC42ED700E595C8 /* LoginViewController.swift in Sources */ = {isa = PBXBuildFile; fileRef = 9CA61B9B1AC42ED700E595C8 /* LoginViewController.swift */; };
		9CA61BB61AC43B2E00E595C8 /* MJRefresh.bundle in Resources */ = {isa = PBXBuildFile; fileRef = 9CA61B9E1AC43B2E00E595C8 /* MJRefresh.bundle */; };
		9CA61BB71AC43B2E00E595C8 /* MJRefreshComponent.m in Sources */ = {isa = PBXBuildFile; fileRef = 9CA61BA11AC43B2E00E595C8 /* MJRefreshComponent.m */; };
		9CA61BB81AC43B2E00E595C8 /* MJRefreshConst.m in Sources */ = {isa = PBXBuildFile; fileRef = 9CA61BA31AC43B2E00E595C8 /* MJRefreshConst.m */; };
		9CA61BB91AC43B2E00E595C8 /* MJRefreshFooter.m in Sources */ = {isa = PBXBuildFile; fileRef = 9CA61BA51AC43B2E00E595C8 /* MJRefreshFooter.m */; };
		9CA61BBA1AC43B2E00E595C8 /* MJRefreshGifFooter.m in Sources */ = {isa = PBXBuildFile; fileRef = 9CA61BA71AC43B2E00E595C8 /* MJRefreshGifFooter.m */; };
		9CA61BBB1AC43B2E00E595C8 /* MJRefreshGifHeader.m in Sources */ = {isa = PBXBuildFile; fileRef = 9CA61BA91AC43B2E00E595C8 /* MJRefreshGifHeader.m */; };
		9CA61BBC1AC43B2E00E595C8 /* MJRefreshHeader.m in Sources */ = {isa = PBXBuildFile; fileRef = 9CA61BAB1AC43B2E00E595C8 /* MJRefreshHeader.m */; };
		9CA61BBD1AC43B2E00E595C8 /* MJRefreshLegendFooter.m in Sources */ = {isa = PBXBuildFile; fileRef = 9CA61BAD1AC43B2E00E595C8 /* MJRefreshLegendFooter.m */; };
		9CA61BBE1AC43B2E00E595C8 /* MJRefreshLegendHeader.m in Sources */ = {isa = PBXBuildFile; fileRef = 9CA61BAF1AC43B2E00E595C8 /* MJRefreshLegendHeader.m */; };
		9CA61BBF1AC43B2E00E595C8 /* UIScrollView+MJExtension.m in Sources */ = {isa = PBXBuildFile; fileRef = 9CA61BB11AC43B2E00E595C8 /* UIScrollView+MJExtension.m */; };
		9CA61BC01AC43B2E00E595C8 /* UIScrollView+MJRefresh.m in Sources */ = {isa = PBXBuildFile; fileRef = 9CA61BB31AC43B2E00E595C8 /* UIScrollView+MJRefresh.m */; };
		9CA61BC11AC43B2E00E595C8 /* UIView+MJExtension.m in Sources */ = {isa = PBXBuildFile; fileRef = 9CA61BB51AC43B2E00E595C8 /* UIView+MJExtension.m */; };
		9CA6E8D01AAACC7700B1D88F /* HotTableViewCell.swift in Sources */ = {isa = PBXBuildFile; fileRef = 9CA6E8CF1AAACC7700B1D88F /* HotTableViewCell.swift */; };
		9CA6E8D21AAADF7E00B1D88F /* ArticleContentViewController.swift in Sources */ = {isa = PBXBuildFile; fileRef = 9CA6E8D11AAADF7E00B1D88F /* ArticleContentViewController.swift */; };
		9CB4EA131AB923B5000986D0 /* MBProgressHUD.m in Sources */ = {isa = PBXBuildFile; fileRef = 9CB4EA121AB923B5000986D0 /* MBProgressHUD.m */; };
		9CBBE3DC1AAF1EE80019C511 /* AppSetting.swift in Sources */ = {isa = PBXBuildFile; fileRef = 9CBBE3DB1AAF1EE80019C511 /* AppSetting.swift */; };
		9CC73B5A1AB7251A000F9AE9 /* BoardListViewController.swift in Sources */ = {isa = PBXBuildFile; fileRef = 9CC73B591AB7251A000F9AE9 /* BoardListViewController.swift */; };
		9CD7E4041B3EBF4E00A75C62 /* SettingsViewController.swift in Sources */ = {isa = PBXBuildFile; fileRef = 9CD7E4031B3EBF4E00A75C62 /* SettingsViewController.swift */; };
		9CD7E4121B3EC67200A75C62 /* ImageCache.swift in Sources */ = {isa = PBXBuildFile; fileRef = 9CD7E4061B3EC67200A75C62 /* ImageCache.swift */; };
		9CD7E4131B3EC67200A75C62 /* ImageDownloader.swift in Sources */ = {isa = PBXBuildFile; fileRef = 9CD7E4071B3EC67200A75C62 /* ImageDownloader.swift */; };
		9CD7E4151B3EC67200A75C62 /* KingfisherManager.swift in Sources */ = {isa = PBXBuildFile; fileRef = 9CD7E40A1B3EC67200A75C62 /* KingfisherManager.swift */; };
		9CD7E4161B3EC67200A75C62 /* KingfisherOptions.swift in Sources */ = {isa = PBXBuildFile; fileRef = 9CD7E40B1B3EC67200A75C62 /* KingfisherOptions.swift */; };
		9CD7E4171B3EC67200A75C62 /* KingfisherOptionsInfo.swift in Sources */ = {isa = PBXBuildFile; fileRef = 9CD7E40C1B3EC67200A75C62 /* KingfisherOptionsInfo.swift */; };
		9CD7E4181B3EC67200A75C62 /* String+MD5.swift in Sources */ = {isa = PBXBuildFile; fileRef = 9CD7E40D1B3EC67200A75C62 /* String+MD5.swift */; };
		9CD7E4191B3EC67200A75C62 /* UIButton+Kingfisher.swift in Sources */ = {isa = PBXBuildFile; fileRef = 9CD7E40E1B3EC67200A75C62 /* UIButton+Kingfisher.swift */; };
		9CD7E41A1B3EC67200A75C62 /* UIImage+Decode.swift in Sources */ = {isa = PBXBuildFile; fileRef = 9CD7E40F1B3EC67200A75C62 /* UIImage+Decode.swift */; };
		9CD7E41B1B3EC67200A75C62 /* UIImageView+Kingfisher.swift in Sources */ = {isa = PBXBuildFile; fileRef = 9CD7E4101B3EC67200A75C62 /* UIImageView+Kingfisher.swift */; };
		9CD7E41C1B3EC67200A75C62 /* WKInterfaceImage+Kingfisher.swift in Sources */ = {isa = PBXBuildFile; fileRef = 9CD7E4111B3EC67200A75C62 /* WKInterfaceImage+Kingfisher.swift */; };
		9CEDC63A1B46962B00D79064 /* RSTWebViewController.framework in Frameworks */ = {isa = PBXBuildFile; fileRef = 9CEDC6371B4695D000D79064 /* RSTWebViewController.framework */; };
		9CEDC63B1B46962B00D79064 /* RSTWebViewController.framework in Embed Frameworks */ = {isa = PBXBuildFile; fileRef = 9CEDC6371B4695D000D79064 /* RSTWebViewController.framework */; settings = {ATTRIBUTES = (CodeSignOnCopy, RemoveHeadersOnCopy, ); }; };
		9CEDC66F1B46DAC200D79064 /* NYNavigationController.swift in Sources */ = {isa = PBXBuildFile; fileRef = 9CEDC66E1B46DAC200D79064 /* NYNavigationController.swift */; };
		9CF60D5F1B465FDB00EA7449 /* UIScreen+Additions.m in Sources */ = {isa = PBXBuildFile; fileRef = 9CF60D5E1B465FDB00EA7449 /* UIScreen+Additions.m */; };
		9CF9E82F1ABAF64100A880AB /* ReminderViewController.swift in Sources */ = {isa = PBXBuildFile; fileRef = 9CF9E82E1ABAF64100A880AB /* ReminderViewController.swift */; };
		9CF9E8311ABAF68300A880AB /* ReminderListCell.swift in Sources */ = {isa = PBXBuildFile; fileRef = 9CF9E8301ABAF68300A880AB /* ReminderListCell.swift */; };
/* End PBXBuildFile section */

/* Begin PBXContainerItemProxy section */
		9CA267D01AA7EF2500CE5C5D /* PBXContainerItemProxy */ = {
			isa = PBXContainerItemProxy;
			containerPortal = 9CA267B21AA7EF2400CE5C5D /* Project object */;
			proxyType = 1;
			remoteGlobalIDString = 9CA267B91AA7EF2400CE5C5D;
			remoteInfo = ZSMTH;
		};
		9CEDC6361B4695D000D79064 /* PBXContainerItemProxy */ = {
			isa = PBXContainerItemProxy;
			containerPortal = 9CEDC6311B4695D000D79064 /* RSTWebViewController.xcodeproj */;
			proxyType = 2;
			remoteGlobalIDString = BF7E5EEF1A4A13E800106AAB;
			remoteInfo = RSTWebViewController;
		};
		9CEDC6381B4695D000D79064 /* PBXContainerItemProxy */ = {
			isa = PBXContainerItemProxy;
			containerPortal = 9CEDC6311B4695D000D79064 /* RSTWebViewController.xcodeproj */;
			proxyType = 2;
			remoteGlobalIDString = BF7E5EFA1A4A13E800106AAB;
			remoteInfo = RSTWebViewControllerTests;
		};
		9CEDC63C1B46962B00D79064 /* PBXContainerItemProxy */ = {
			isa = PBXContainerItemProxy;
			containerPortal = 9CEDC6311B4695D000D79064 /* RSTWebViewController.xcodeproj */;
			proxyType = 1;
			remoteGlobalIDString = BF7E5EEE1A4A13E800106AAB;
			remoteInfo = RSTWebViewController;
		};
/* End PBXContainerItemProxy section */

/* Begin PBXCopyFilesBuildPhase section */
		9CEDC63E1B46962B00D79064 /* Embed Frameworks */ = {
			isa = PBXCopyFilesBuildPhase;
			buildActionMask = 2147483647;
			dstPath = "";
			dstSubfolderSpec = 10;
			files = (
				9CEDC63B1B46962B00D79064 /* RSTWebViewController.framework in Embed Frameworks */,
			);
			name = "Embed Frameworks";
			runOnlyForDeploymentPostprocessing = 0;
		};
/* End PBXCopyFilesBuildPhase section */

/* Begin PBXFileReference section */
		9C04C0821B47C99E00C4C2F8 /* ArticleContentCell.swift */ = {isa = PBXFileReference; fileEncoding = 4; lastKnownFileType = sourcecode.swift; name = ArticleContentCell.swift; path = TableViewCells/ArticleContentCell.swift; sourceTree = "<group>"; };
		9C04C0851B47E84F00C4C2F8 /* UIView+Additions.h */ = {isa = PBXFileReference; fileEncoding = 4; lastKnownFileType = sourcecode.c.h; path = "UIView+Additions.h"; sourceTree = "<group>"; };
		9C04C0861B47E84F00C4C2F8 /* UIView+Additions.m */ = {isa = PBXFileReference; fileEncoding = 4; lastKnownFileType = sourcecode.c.objc; path = "UIView+Additions.m"; sourceTree = "<group>"; };
		9C13B7091AA8533900A9420D /* SmthStructs.swift */ = {isa = PBXFileReference; fileEncoding = 4; lastKnownFileType = sourcecode.swift; name = SmthStructs.swift; path = SmthAPI/SmthStructs.swift; sourceTree = "<group>"; };
		9C16B0CA1B45963E007F1F31 /* UITableView+FDTemplateLayoutCell.h */ = {isa = PBXFileReference; fileEncoding = 4; lastKnownFileType = sourcecode.c.h; path = "UITableView+FDTemplateLayoutCell.h"; sourceTree = "<group>"; };
		9C16B0CB1B45963E007F1F31 /* UITableView+FDTemplateLayoutCell.m */ = {isa = PBXFileReference; fileEncoding = 4; lastKnownFileType = sourcecode.c.objc; path = "UITableView+FDTemplateLayoutCell.m"; sourceTree = "<group>"; };
		9C3065971AC23589004005D0 /* Base */ = {isa = PBXFileReference; lastKnownFileType = text.plist.strings; name = Base; path = Base.lproj/InfoPlist.strings; sourceTree = "<group>"; };
		9C30659E1AC23861004005D0 /* en */ = {isa = PBXFileReference; lastKnownFileType = text.plist.strings; name = en; path = en.lproj/InfoPlist.strings; sourceTree = "<group>"; };
		9C33C86F1AB8815700E5BFD2 /* FavListViewController.swift */ = {isa = PBXFileReference; fileEncoding = 4; lastKnownFileType = sourcecode.swift; name = FavListViewController.swift; path = ViewControllers/FavListViewController.swift; sourceTree = "<group>"; };
		9C3861371AB7E9AC0062340B /* ArticleListViewController.swift */ = {isa = PBXFileReference; fileEncoding = 4; lastKnownFileType = sourcecode.swift; name = ArticleListViewController.swift; path = ViewControllers/ArticleListViewController.swift; sourceTree = "<group>"; };
		9C3861391AB7F1AB0062340B /* ArticleListCell.swift */ = {isa = PBXFileReference; fileEncoding = 4; lastKnownFileType = sourcecode.swift; name = ArticleListCell.swift; path = TableViewCells/ArticleListCell.swift; sourceTree = "<group>"; };
		9C3BC2F51B49AC140027D9E2 /* TTTAttributedLabel.h */ = {isa = PBXFileReference; fileEncoding = 4; lastKnownFileType = sourcecode.c.h; path = TTTAttributedLabel.h; sourceTree = "<group>"; };
		9C3BC2F61B49AC140027D9E2 /* TTTAttributedLabel.m */ = {isa = PBXFileReference; fileEncoding = 4; lastKnownFileType = sourcecode.c.objc; path = TTTAttributedLabel.m; sourceTree = "<group>"; };
		9C3D340F1ABA717800DC6E0E /* MailBoxViewController.swift */ = {isa = PBXFileReference; fileEncoding = 4; lastKnownFileType = sourcecode.swift; name = MailBoxViewController.swift; path = ViewControllers/MailBoxViewController.swift; sourceTree = "<group>"; };
		9C3D34111ABA72DD00DC6E0E /* MailListCell.swift */ = {isa = PBXFileReference; fileEncoding = 4; lastKnownFileType = sourcecode.swift; name = MailListCell.swift; path = TableViewCells/MailListCell.swift; sourceTree = "<group>"; };
		9C3D34131ABA814A00DC6E0E /* UserViewController.swift */ = {isa = PBXFileReference; fileEncoding = 4; lastKnownFileType = sourcecode.swift; name = UserViewController.swift; path = ViewControllers/UserViewController.swift; sourceTree = "<group>"; };
		9C40E7191B40F16A00D0C673 /* AboutViewController.swift */ = {isa = PBXFileReference; fileEncoding = 4; lastKnownFileType = sourcecode.swift; name = AboutViewController.swift; path = ViewControllers/AboutViewController.swift; sourceTree = "<group>"; };
		9C5508BF1AA98B32006931B6 /* HotTableViewController.swift */ = {isa = PBXFileReference; fileEncoding = 4; lastKnownFileType = sourcecode.swift; name = HotTableViewController.swift; path = ViewControllers/HotTableViewController.swift; sourceTree = "<group>"; };
		9C5582901ABD9E9400D76A6E /* ComposeEmailController.swift */ = {isa = PBXFileReference; fileEncoding = 4; lastKnownFileType = sourcecode.swift; name = ComposeEmailController.swift; path = ViewControllers/ComposeEmailController.swift; sourceTree = "<group>"; };
		9C6D61F01AB9B4B3005A8259 /* ComposeArticleController.swift */ = {isa = PBXFileReference; fileEncoding = 4; lastKnownFileType = sourcecode.swift; name = ComposeArticleController.swift; path = ViewControllers/ComposeArticleController.swift; sourceTree = "<group>"; };
		9C72F6201ABD0ADE0098F9D8 /* ReferContentViewController.swift */ = {isa = PBXFileReference; fileEncoding = 4; lastKnownFileType = sourcecode.swift; name = ReferContentViewController.swift; path = ViewControllers/ReferContentViewController.swift; sourceTree = "<group>"; };
		9C7700C71ABFB86800F9471B /* BaseTableViewController.swift */ = {isa = PBXFileReference; fileEncoding = 4; lastKnownFileType = sourcecode.swift; name = BaseTableViewController.swift; path = ViewControllers/BaseTableViewController.swift; sourceTree = "<group>"; };
		9C9DE9831ABBB6B8001C292F /* MailContentViewController.swift */ = {isa = PBXFileReference; fileEncoding = 4; lastKnownFileType = sourcecode.swift; name = MailContentViewController.swift; path = ViewControllers/MailContentViewController.swift; sourceTree = "<group>"; };
		9C9E4F681AB5A0D50053CBD8 /* JTSAnimatedGIFUtility.h */ = {isa = PBXFileReference; fileEncoding = 4; lastKnownFileType = sourcecode.c.h; path = JTSAnimatedGIFUtility.h; sourceTree = "<group>"; };
		9C9E4F691AB5A0D50053CBD8 /* JTSAnimatedGIFUtility.m */ = {isa = PBXFileReference; fileEncoding = 4; lastKnownFileType = sourcecode.c.objc; path = JTSAnimatedGIFUtility.m; sourceTree = "<group>"; };
		9C9E4F6A1AB5A0D50053CBD8 /* JTSImageInfo.h */ = {isa = PBXFileReference; fileEncoding = 4; lastKnownFileType = sourcecode.c.h; path = JTSImageInfo.h; sourceTree = "<group>"; };
		9C9E4F6B1AB5A0D50053CBD8 /* JTSImageInfo.m */ = {isa = PBXFileReference; fileEncoding = 4; lastKnownFileType = sourcecode.c.objc; path = JTSImageInfo.m; sourceTree = "<group>"; };
		9C9E4F6C1AB5A0D50053CBD8 /* JTSImageViewController.h */ = {isa = PBXFileReference; fileEncoding = 4; lastKnownFileType = sourcecode.c.h; path = JTSImageViewController.h; sourceTree = "<group>"; };
		9C9E4F6D1AB5A0D50053CBD8 /* JTSImageViewController.m */ = {isa = PBXFileReference; fileEncoding = 4; lastKnownFileType = sourcecode.c.objc; path = JTSImageViewController.m; sourceTree = "<group>"; };
		9C9E4F6E1AB5A0D50053CBD8 /* JTSSimpleImageDownloader.h */ = {isa = PBXFileReference; fileEncoding = 4; lastKnownFileType = sourcecode.c.h; path = JTSSimpleImageDownloader.h; sourceTree = "<group>"; };
		9C9E4F6F1AB5A0D50053CBD8 /* JTSSimpleImageDownloader.m */ = {isa = PBXFileReference; fileEncoding = 4; lastKnownFileType = sourcecode.c.objc; path = JTSSimpleImageDownloader.m; sourceTree = "<group>"; };
		9C9E4F701AB5A0D50053CBD8 /* UIApplication+JTSImageViewController.h */ = {isa = PBXFileReference; fileEncoding = 4; lastKnownFileType = sourcecode.c.h; path = "UIApplication+JTSImageViewController.h"; sourceTree = "<group>"; };
		9C9E4F711AB5A0D50053CBD8 /* UIApplication+JTSImageViewController.m */ = {isa = PBXFileReference; fileEncoding = 4; lastKnownFileType = sourcecode.c.objc; path = "UIApplication+JTSImageViewController.m"; sourceTree = "<group>"; };
		9C9E4F721AB5A0D50053CBD8 /* UIImage+JTSImageEffects.h */ = {isa = PBXFileReference; fileEncoding = 4; lastKnownFileType = sourcecode.c.h; path = "UIImage+JTSImageEffects.h"; sourceTree = "<group>"; };
		9C9E4F731AB5A0D50053CBD8 /* UIImage+JTSImageEffects.m */ = {isa = PBXFileReference; fileEncoding = 4; lastKnownFileType = sourcecode.c.objc; path = "UIImage+JTSImageEffects.m"; sourceTree = "<group>"; };
		9C9E4F7A1AB5D2350053CBD8 /* SmthSplitViewController.swift */ = {isa = PBXFileReference; fileEncoding = 4; lastKnownFileType = sourcecode.swift; name = SmthSplitViewController.swift; path = ViewControllers/SmthSplitViewController.swift; sourceTree = "<group>"; };
		9CA267BA1AA7EF2400CE5C5D /* zsmth.app */ = {isa = PBXFileReference; explicitFileType = wrapper.application; includeInIndex = 0; path = zsmth.app; sourceTree = BUILT_PRODUCTS_DIR; };
		9CA267BF1AA7EF2400CE5C5D /* AppDelegate.swift */ = {isa = PBXFileReference; lastKnownFileType = sourcecode.swift; path = AppDelegate.swift; sourceTree = "<group>"; };
		9CA267C41AA7EF2500CE5C5D /* Base */ = {isa = PBXFileReference; lastKnownFileType = file.storyboard; name = Base; path = Base.lproj/Main.storyboard; sourceTree = "<group>"; };
		9CA267C61AA7EF2500CE5C5D /* Images.xcassets */ = {isa = PBXFileReference; lastKnownFileType = folder.assetcatalog; path = Images.xcassets; sourceTree = "<group>"; };
		9CA267C91AA7EF2500CE5C5D /* Base */ = {isa = PBXFileReference; lastKnownFileType = file.xib; name = Base; path = Base.lproj/LaunchScreen.xib; sourceTree = "<group>"; };
		9CA267CF1AA7EF2500CE5C5D /* zsmthTests.xctest */ = {isa = PBXFileReference; explicitFileType = wrapper.cfbundle; includeInIndex = 0; path = zsmthTests.xctest; sourceTree = BUILT_PRODUCTS_DIR; };
		9CA267D41AA7EF2500CE5C5D /* Info.plist */ = {isa = PBXFileReference; lastKnownFileType = text.plist.xml; path = Info.plist; sourceTree = "<group>"; };
		9CA267D51AA7EF2500CE5C5D /* ZSMTHTests.swift */ = {isa = PBXFileReference; lastKnownFileType = sourcecode.swift; path = ZSMTHTests.swift; sourceTree = "<group>"; };
		9CA267DF1AA7EF5D00CE5C5D /* ZSMTH-Bridging-Header.h */ = {isa = PBXFileReference; lastKnownFileType = sourcecode.c.h; path = "ZSMTH-Bridging-Header.h"; sourceTree = "<group>"; };
		9CA267E31AA7EFFB00CE5C5D /* libSMTH_0.2.3.a */ = {isa = PBXFileReference; lastKnownFileType = archive.ar; path = libSMTH_0.2.3.a; sourceTree = "<group>"; };
		9CA267E61AA7F04600CE5C5D /* client_signature.h */ = {isa = PBXFileReference; fileEncoding = 4; lastKnownFileType = sourcecode.c.h; path = client_signature.h; sourceTree = "<group>"; };
		9CA267E71AA7F04600CE5C5D /* client_signature.m */ = {isa = PBXFileReference; fileEncoding = 4; lastKnownFileType = sourcecode.c.objc; path = client_signature.m; sourceTree = "<group>"; };
		9CA267E81AA7F04600CE5C5D /* smth_netop.h */ = {isa = PBXFileReference; fileEncoding = 4; lastKnownFileType = sourcecode.c.h; path = smth_netop.h; sourceTree = "<group>"; };
		9CA267E91AA7F04600CE5C5D /* SMTHURLConnection+Addon.h */ = {isa = PBXFileReference; fileEncoding = 4; lastKnownFileType = sourcecode.c.h; path = "SMTHURLConnection+Addon.h"; sourceTree = "<group>"; };
		9CA267EA1AA7F04600CE5C5D /* SMTHURLConnection+Addon.m */ = {isa = PBXFileReference; fileEncoding = 4; lastKnownFileType = sourcecode.c.objc; path = "SMTHURLConnection+Addon.m"; sourceTree = "<group>"; };
		9CA267EB1AA7F04600CE5C5D /* SMTHURLConnection.h */ = {isa = PBXFileReference; fileEncoding = 4; lastKnownFileType = sourcecode.c.h; path = SMTHURLConnection.h; sourceTree = "<group>"; };
		9CA267EF1AA8021600CE5C5D /* SmthAPI.swift */ = {isa = PBXFileReference; fileEncoding = 4; lastKnownFileType = sourcecode.swift; name = SmthAPI.swift; path = SmthAPI/SmthAPI.swift; sourceTree = "<group>"; };
		9CA5B21F1B1870FB00C24777 /* EulaViewController.swift */ = {isa = PBXFileReference; fileEncoding = 4; lastKnownFileType = sourcecode.swift; name = EulaViewController.swift; path = ViewControllers/EulaViewController.swift; sourceTree = "<group>"; };
		9CA61B9B1AC42ED700E595C8 /* LoginViewController.swift */ = {isa = PBXFileReference; fileEncoding = 4; lastKnownFileType = sourcecode.swift; name = LoginViewController.swift; path = ViewControllers/LoginViewController.swift; sourceTree = "<group>"; };
		9CA61B9E1AC43B2E00E595C8 /* MJRefresh.bundle */ = {isa = PBXFileReference; lastKnownFileType = "wrapper.plug-in"; path = MJRefresh.bundle; sourceTree = "<group>"; };
		9CA61B9F1AC43B2E00E595C8 /* MJRefresh.h */ = {isa = PBXFileReference; fileEncoding = 4; lastKnownFileType = sourcecode.c.h; path = MJRefresh.h; sourceTree = "<group>"; };
		9CA61BA01AC43B2E00E595C8 /* MJRefreshComponent.h */ = {isa = PBXFileReference; fileEncoding = 4; lastKnownFileType = sourcecode.c.h; path = MJRefreshComponent.h; sourceTree = "<group>"; };
		9CA61BA11AC43B2E00E595C8 /* MJRefreshComponent.m */ = {isa = PBXFileReference; fileEncoding = 4; lastKnownFileType = sourcecode.c.objc; path = MJRefreshComponent.m; sourceTree = "<group>"; };
		9CA61BA21AC43B2E00E595C8 /* MJRefreshConst.h */ = {isa = PBXFileReference; fileEncoding = 4; lastKnownFileType = sourcecode.c.h; path = MJRefreshConst.h; sourceTree = "<group>"; };
		9CA61BA31AC43B2E00E595C8 /* MJRefreshConst.m */ = {isa = PBXFileReference; fileEncoding = 4; lastKnownFileType = sourcecode.c.objc; path = MJRefreshConst.m; sourceTree = "<group>"; };
		9CA61BA41AC43B2E00E595C8 /* MJRefreshFooter.h */ = {isa = PBXFileReference; fileEncoding = 4; lastKnownFileType = sourcecode.c.h; path = MJRefreshFooter.h; sourceTree = "<group>"; };
		9CA61BA51AC43B2E00E595C8 /* MJRefreshFooter.m */ = {isa = PBXFileReference; fileEncoding = 4; lastKnownFileType = sourcecode.c.objc; path = MJRefreshFooter.m; sourceTree = "<group>"; };
		9CA61BA61AC43B2E00E595C8 /* MJRefreshGifFooter.h */ = {isa = PBXFileReference; fileEncoding = 4; lastKnownFileType = sourcecode.c.h; path = MJRefreshGifFooter.h; sourceTree = "<group>"; };
		9CA61BA71AC43B2E00E595C8 /* MJRefreshGifFooter.m */ = {isa = PBXFileReference; fileEncoding = 4; lastKnownFileType = sourcecode.c.objc; path = MJRefreshGifFooter.m; sourceTree = "<group>"; };
		9CA61BA81AC43B2E00E595C8 /* MJRefreshGifHeader.h */ = {isa = PBXFileReference; fileEncoding = 4; lastKnownFileType = sourcecode.c.h; path = MJRefreshGifHeader.h; sourceTree = "<group>"; };
		9CA61BA91AC43B2E00E595C8 /* MJRefreshGifHeader.m */ = {isa = PBXFileReference; fileEncoding = 4; lastKnownFileType = sourcecode.c.objc; path = MJRefreshGifHeader.m; sourceTree = "<group>"; };
		9CA61BAA1AC43B2E00E595C8 /* MJRefreshHeader.h */ = {isa = PBXFileReference; fileEncoding = 4; lastKnownFileType = sourcecode.c.h; path = MJRefreshHeader.h; sourceTree = "<group>"; };
		9CA61BAB1AC43B2E00E595C8 /* MJRefreshHeader.m */ = {isa = PBXFileReference; fileEncoding = 4; lastKnownFileType = sourcecode.c.objc; path = MJRefreshHeader.m; sourceTree = "<group>"; };
		9CA61BAC1AC43B2E00E595C8 /* MJRefreshLegendFooter.h */ = {isa = PBXFileReference; fileEncoding = 4; lastKnownFileType = sourcecode.c.h; path = MJRefreshLegendFooter.h; sourceTree = "<group>"; };
		9CA61BAD1AC43B2E00E595C8 /* MJRefreshLegendFooter.m */ = {isa = PBXFileReference; fileEncoding = 4; lastKnownFileType = sourcecode.c.objc; path = MJRefreshLegendFooter.m; sourceTree = "<group>"; };
		9CA61BAE1AC43B2E00E595C8 /* MJRefreshLegendHeader.h */ = {isa = PBXFileReference; fileEncoding = 4; lastKnownFileType = sourcecode.c.h; path = MJRefreshLegendHeader.h; sourceTree = "<group>"; };
		9CA61BAF1AC43B2E00E595C8 /* MJRefreshLegendHeader.m */ = {isa = PBXFileReference; fileEncoding = 4; lastKnownFileType = sourcecode.c.objc; path = MJRefreshLegendHeader.m; sourceTree = "<group>"; };
		9CA61BB01AC43B2E00E595C8 /* UIScrollView+MJExtension.h */ = {isa = PBXFileReference; fileEncoding = 4; lastKnownFileType = sourcecode.c.h; path = "UIScrollView+MJExtension.h"; sourceTree = "<group>"; };
		9CA61BB11AC43B2E00E595C8 /* UIScrollView+MJExtension.m */ = {isa = PBXFileReference; fileEncoding = 4; lastKnownFileType = sourcecode.c.objc; path = "UIScrollView+MJExtension.m"; sourceTree = "<group>"; };
		9CA61BB21AC43B2E00E595C8 /* UIScrollView+MJRefresh.h */ = {isa = PBXFileReference; fileEncoding = 4; lastKnownFileType = sourcecode.c.h; path = "UIScrollView+MJRefresh.h"; sourceTree = "<group>"; };
		9CA61BB31AC43B2E00E595C8 /* UIScrollView+MJRefresh.m */ = {isa = PBXFileReference; fileEncoding = 4; lastKnownFileType = sourcecode.c.objc; path = "UIScrollView+MJRefresh.m"; sourceTree = "<group>"; };
		9CA61BB41AC43B2E00E595C8 /* UIView+MJExtension.h */ = {isa = PBXFileReference; fileEncoding = 4; lastKnownFileType = sourcecode.c.h; path = "UIView+MJExtension.h"; sourceTree = "<group>"; };
		9CA61BB51AC43B2E00E595C8 /* UIView+MJExtension.m */ = {isa = PBXFileReference; fileEncoding = 4; lastKnownFileType = sourcecode.c.objc; path = "UIView+MJExtension.m"; sourceTree = "<group>"; };
		9CA6E8CF1AAACC7700B1D88F /* HotTableViewCell.swift */ = {isa = PBXFileReference; fileEncoding = 4; lastKnownFileType = sourcecode.swift; name = HotTableViewCell.swift; path = TableViewCells/HotTableViewCell.swift; sourceTree = "<group>"; };
		9CA6E8D11AAADF7E00B1D88F /* ArticleContentViewController.swift */ = {isa = PBXFileReference; fileEncoding = 4; lastKnownFileType = sourcecode.swift; name = ArticleContentViewController.swift; path = ViewControllers/ArticleContentViewController.swift; sourceTree = "<group>"; };
		9CB4EA111AB923B5000986D0 /* MBProgressHUD.h */ = {isa = PBXFileReference; fileEncoding = 4; lastKnownFileType = sourcecode.c.h; path = MBProgressHUD.h; sourceTree = "<group>"; };
		9CB4EA121AB923B5000986D0 /* MBProgressHUD.m */ = {isa = PBXFileReference; fileEncoding = 4; lastKnownFileType = sourcecode.c.objc; path = MBProgressHUD.m; sourceTree = "<group>"; };
		9CBBE3DB1AAF1EE80019C511 /* AppSetting.swift */ = {isa = PBXFileReference; fileEncoding = 4; lastKnownFileType = sourcecode.swift; name = AppSetting.swift; path = SmthAPI/AppSetting.swift; sourceTree = "<group>"; };
		9CC73B591AB7251A000F9AE9 /* BoardListViewController.swift */ = {isa = PBXFileReference; fileEncoding = 4; lastKnownFileType = sourcecode.swift; name = BoardListViewController.swift; path = ViewControllers/BoardListViewController.swift; sourceTree = "<group>"; };
		9CD7E4031B3EBF4E00A75C62 /* SettingsViewController.swift */ = {isa = PBXFileReference; fileEncoding = 4; lastKnownFileType = sourcecode.swift; name = SettingsViewController.swift; path = ViewControllers/SettingsViewController.swift; sourceTree = "<group>"; };
		9CD7E4061B3EC67200A75C62 /* ImageCache.swift */ = {isa = PBXFileReference; fileEncoding = 4; lastKnownFileType = sourcecode.swift; path = ImageCache.swift; sourceTree = "<group>"; };
		9CD7E4071B3EC67200A75C62 /* ImageDownloader.swift */ = {isa = PBXFileReference; fileEncoding = 4; lastKnownFileType = sourcecode.swift; path = ImageDownloader.swift; sourceTree = "<group>"; };
		9CD7E40A1B3EC67200A75C62 /* KingfisherManager.swift */ = {isa = PBXFileReference; fileEncoding = 4; lastKnownFileType = sourcecode.swift; path = KingfisherManager.swift; sourceTree = "<group>"; };
		9CD7E40B1B3EC67200A75C62 /* KingfisherOptions.swift */ = {isa = PBXFileReference; fileEncoding = 4; lastKnownFileType = sourcecode.swift; path = KingfisherOptions.swift; sourceTree = "<group>"; };
		9CD7E40C1B3EC67200A75C62 /* KingfisherOptionsInfo.swift */ = {isa = PBXFileReference; fileEncoding = 4; lastKnownFileType = sourcecode.swift; path = KingfisherOptionsInfo.swift; sourceTree = "<group>"; };
		9CD7E40D1B3EC67200A75C62 /* String+MD5.swift */ = {isa = PBXFileReference; fileEncoding = 4; lastKnownFileType = sourcecode.swift; path = "String+MD5.swift"; sourceTree = "<group>"; };
		9CD7E40E1B3EC67200A75C62 /* UIButton+Kingfisher.swift */ = {isa = PBXFileReference; fileEncoding = 4; lastKnownFileType = sourcecode.swift; path = "UIButton+Kingfisher.swift"; sourceTree = "<group>"; };
		9CD7E40F1B3EC67200A75C62 /* UIImage+Decode.swift */ = {isa = PBXFileReference; fileEncoding = 4; lastKnownFileType = sourcecode.swift; path = "UIImage+Decode.swift"; sourceTree = "<group>"; };
		9CD7E4101B3EC67200A75C62 /* UIImageView+Kingfisher.swift */ = {isa = PBXFileReference; fileEncoding = 4; lastKnownFileType = sourcecode.swift; path = "UIImageView+Kingfisher.swift"; sourceTree = "<group>"; };
		9CD7E4111B3EC67200A75C62 /* WKInterfaceImage+Kingfisher.swift */ = {isa = PBXFileReference; fileEncoding = 4; lastKnownFileType = sourcecode.swift; path = "WKInterfaceImage+Kingfisher.swift"; sourceTree = "<group>"; };
		9CEDC6311B4695D000D79064 /* RSTWebViewController.xcodeproj */ = {isa = PBXFileReference; lastKnownFileType = "wrapper.pb-project"; name = RSTWebViewController.xcodeproj; path = RSTWebViewController/RSTWebViewController.xcodeproj; sourceTree = "<group>"; };
		9CEDC66E1B46DAC200D79064 /* NYNavigationController.swift */ = {isa = PBXFileReference; fileEncoding = 4; lastKnownFileType = sourcecode.swift; name = NYNavigationController.swift; path = ViewControllers/NYNavigationController.swift; sourceTree = "<group>"; };
		9CF2F5601AC24661001F9693 /* Info.plist */ = {isa = PBXFileReference; fileEncoding = 4; lastKnownFileType = text.plist.xml; path = Info.plist; sourceTree = "<group>"; };
		9CF60D5D1B465FDB00EA7449 /* UIScreen+Additions.h */ = {isa = PBXFileReference; fileEncoding = 4; lastKnownFileType = sourcecode.c.h; path = "UIScreen+Additions.h"; sourceTree = "<group>"; };
		9CF60D5E1B465FDB00EA7449 /* UIScreen+Additions.m */ = {isa = PBXFileReference; fileEncoding = 4; lastKnownFileType = sourcecode.c.objc; path = "UIScreen+Additions.m"; sourceTree = "<group>"; };
		9CF9E82E1ABAF64100A880AB /* ReminderViewController.swift */ = {isa = PBXFileReference; fileEncoding = 4; lastKnownFileType = sourcecode.swift; name = ReminderViewController.swift; path = ViewControllers/ReminderViewController.swift; sourceTree = "<group>"; };
		9CF9E8301ABAF68300A880AB /* ReminderListCell.swift */ = {isa = PBXFileReference; fileEncoding = 4; lastKnownFileType = sourcecode.swift; name = ReminderListCell.swift; path = TableViewCells/ReminderListCell.swift; sourceTree = "<group>"; };
/* End PBXFileReference section */

/* Begin PBXFrameworksBuildPhase section */
		9CA267B71AA7EF2400CE5C5D /* Frameworks */ = {
			isa = PBXFrameworksBuildPhase;
			buildActionMask = 2147483647;
			files = (
				9CEDC63A1B46962B00D79064 /* RSTWebViewController.framework in Frameworks */,
				9CA267E41AA7EFFB00CE5C5D /* libSMTH_0.2.3.a in Frameworks */,
			);
			runOnlyForDeploymentPostprocessing = 0;
		};
		9CA267CC1AA7EF2500CE5C5D /* Frameworks */ = {
			isa = PBXFrameworksBuildPhase;
			buildActionMask = 2147483647;
			files = (
			);
			runOnlyForDeploymentPostprocessing = 0;
		};
/* End PBXFrameworksBuildPhase section */

/* Begin PBXGroup section */
		9C16B0C91B45963E007F1F31 /* FDTemplateLayoutCell */ = {
			isa = PBXGroup;
			children = (
				9C16B0CA1B45963E007F1F31 /* UITableView+FDTemplateLayoutCell.h */,
				9C16B0CB1B45963E007F1F31 /* UITableView+FDTemplateLayoutCell.m */,
			);
			name = FDTemplateLayoutCell;
			path = Classes;
			sourceTree = "<group>";
		};
		9C3BC2F41B49AC140027D9E2 /* TTTAttributedLabel */ = {
			isa = PBXGroup;
			children = (
				9C3BC2F51B49AC140027D9E2 /* TTTAttributedLabel.h */,
				9C3BC2F61B49AC140027D9E2 /* TTTAttributedLabel.m */,
			);
			path = TTTAttributedLabel;
			sourceTree = "<group>";
		};
		9C5508C11AA98B5F006931B6 /* ViewControllers */ = {
			isa = PBXGroup;
			children = (
				9C7700C71ABFB86800F9471B /* BaseTableViewController.swift */,
				9C5508BF1AA98B32006931B6 /* HotTableViewController.swift */,
				9C33C86F1AB8815700E5BFD2 /* FavListViewController.swift */,
				9CC73B591AB7251A000F9AE9 /* BoardListViewController.swift */,
				9C3861371AB7E9AC0062340B /* ArticleListViewController.swift */,
				9C3D340F1ABA717800DC6E0E /* MailBoxViewController.swift */,
				9CF9E82E1ABAF64100A880AB /* ReminderViewController.swift */,
				9CA6E8D11AAADF7E00B1D88F /* ArticleContentViewController.swift */,
				9CA61B9B1AC42ED700E595C8 /* LoginViewController.swift */,
				9C9E4F7A1AB5D2350053CBD8 /* SmthSplitViewController.swift */,
				9C6D61F01AB9B4B3005A8259 /* ComposeArticleController.swift */,
				9C5582901ABD9E9400D76A6E /* ComposeEmailController.swift */,
				9C3D34131ABA814A00DC6E0E /* UserViewController.swift */,
				9CD7E4031B3EBF4E00A75C62 /* SettingsViewController.swift */,
				9C40E7191B40F16A00D0C673 /* AboutViewController.swift */,
				9C9DE9831ABBB6B8001C292F /* MailContentViewController.swift */,
				9C72F6201ABD0ADE0098F9D8 /* ReferContentViewController.swift */,
				9CA5B21F1B1870FB00C24777 /* EulaViewController.swift */,
				9CEDC66E1B46DAC200D79064 /* NYNavigationController.swift */,
			);
			name = ViewControllers;
			sourceTree = "<group>";
		};
		9C9E4F671AB5A0D50053CBD8 /* JTSImageViewController */ = {
			isa = PBXGroup;
			children = (
				9C9E4F681AB5A0D50053CBD8 /* JTSAnimatedGIFUtility.h */,
				9C9E4F691AB5A0D50053CBD8 /* JTSAnimatedGIFUtility.m */,
				9C9E4F6A1AB5A0D50053CBD8 /* JTSImageInfo.h */,
				9C9E4F6B1AB5A0D50053CBD8 /* JTSImageInfo.m */,
				9C9E4F6C1AB5A0D50053CBD8 /* JTSImageViewController.h */,
				9C9E4F6D1AB5A0D50053CBD8 /* JTSImageViewController.m */,
				9C9E4F6E1AB5A0D50053CBD8 /* JTSSimpleImageDownloader.h */,
				9C9E4F6F1AB5A0D50053CBD8 /* JTSSimpleImageDownloader.m */,
				9C9E4F701AB5A0D50053CBD8 /* UIApplication+JTSImageViewController.h */,
				9C9E4F711AB5A0D50053CBD8 /* UIApplication+JTSImageViewController.m */,
				9C9E4F721AB5A0D50053CBD8 /* UIImage+JTSImageEffects.h */,
				9C9E4F731AB5A0D50053CBD8 /* UIImage+JTSImageEffects.m */,
			);
			path = JTSImageViewController;
			sourceTree = "<group>";
		};
		9CA267B11AA7EF2400CE5C5D = {
			isa = PBXGroup;
			children = (
				9CA267BC1AA7EF2400CE5C5D /* ZSMTH */,
				9CA267D21AA7EF2500CE5C5D /* ZSMTHTests */,
				9CA267BB1AA7EF2400CE5C5D /* Products */,
			);
			sourceTree = "<group>";
			usesTabs = 0;
		};
		9CA267BB1AA7EF2400CE5C5D /* Products */ = {
			isa = PBXGroup;
			children = (
				9CA267BA1AA7EF2400CE5C5D /* zsmth.app */,
				9CA267CF1AA7EF2500CE5C5D /* zsmthTests.xctest */,
			);
			name = Products;
			sourceTree = "<group>";
		};
		9CA267BC1AA7EF2400CE5C5D /* ZSMTH */ = {
			isa = PBXGroup;
			children = (
				9CF32D221ABE598B008C5332 /* GUI */,
				9C5508C11AA98B5F006931B6 /* ViewControllers */,
				9CA6E8CE1AAACC3A00B1D88F /* TableViewCells */,
				9CA267EE1AA801CF00CE5C5D /* SmthAPI */,
				9CA267BD1AA7EF2400CE5C5D /* Supporting Files */,
				9CA267E21AA7EFFB00CE5C5D /* Frameworks */,
			);
			path = ZSMTH;
			sourceTree = "<group>";
		};
		9CA267BD1AA7EF2400CE5C5D /* Supporting Files */ = {
			isa = PBXGroup;
			children = (
				9CA267BF1AA7EF2400CE5C5D /* AppDelegate.swift */,
				9CF60D5D1B465FDB00EA7449 /* UIScreen+Additions.h */,
				9CF60D5E1B465FDB00EA7449 /* UIScreen+Additions.m */,
				9C04C0851B47E84F00C4C2F8 /* UIView+Additions.h */,
				9C04C0861B47E84F00C4C2F8 /* UIView+Additions.m */,
				9CA267DF1AA7EF5D00CE5C5D /* ZSMTH-Bridging-Header.h */,
				9CF2F5601AC24661001F9693 /* Info.plist */,
				9C3065981AC23589004005D0 /* InfoPlist.strings */,
			);
			name = "Supporting Files";
			sourceTree = "<group>";
		};
		9CA267D21AA7EF2500CE5C5D /* ZSMTHTests */ = {
			isa = PBXGroup;
			children = (
				9CA267D51AA7EF2500CE5C5D /* ZSMTHTests.swift */,
				9CA267D31AA7EF2500CE5C5D /* Supporting Files */,
			);
			path = ZSMTHTests;
			sourceTree = "<group>";
		};
		9CA267D31AA7EF2500CE5C5D /* Supporting Files */ = {
			isa = PBXGroup;
			children = (
				9CA267D41AA7EF2500CE5C5D /* Info.plist */,
			);
			name = "Supporting Files";
			sourceTree = "<group>";
		};
		9CA267E21AA7EFFB00CE5C5D /* Frameworks */ = {
			isa = PBXGroup;
			children = (
				9CEDC6311B4695D000D79064 /* RSTWebViewController.xcodeproj */,
				9C3BC2F41B49AC140027D9E2 /* TTTAttributedLabel */,
				9C16B0C91B45963E007F1F31 /* FDTemplateLayoutCell */,
				9CD7E4051B3EC67200A75C62 /* Kingfisher */,
				9CA61B9D1AC43B2E00E595C8 /* MJRefresh */,
				9CB4EA101AB923B5000986D0 /* MBProgressHUD */,
				9C9E4F671AB5A0D50053CBD8 /* JTSImageViewController */,
				9CA267E51AA7F04600CE5C5D /* libSmth */,
				9CA267E31AA7EFFB00CE5C5D /* libSMTH_0.2.3.a */,
			);
			path = Frameworks;
			sourceTree = "<group>";
		};
		9CA267E51AA7F04600CE5C5D /* libSmth */ = {
			isa = PBXGroup;
			children = (
				9CA267E61AA7F04600CE5C5D /* client_signature.h */,
				9CA267E71AA7F04600CE5C5D /* client_signature.m */,
				9CA267E81AA7F04600CE5C5D /* smth_netop.h */,
				9CA267E91AA7F04600CE5C5D /* SMTHURLConnection+Addon.h */,
				9CA267EA1AA7F04600CE5C5D /* SMTHURLConnection+Addon.m */,
				9CA267EB1AA7F04600CE5C5D /* SMTHURLConnection.h */,
			);
			name = libSmth;
			path = ../libSmth;
			sourceTree = "<group>";
		};
		9CA267EE1AA801CF00CE5C5D /* SmthAPI */ = {
			isa = PBXGroup;
			children = (
				9CBBE3DB1AAF1EE80019C511 /* AppSetting.swift */,
				9CA267EF1AA8021600CE5C5D /* SmthAPI.swift */,
				9C13B7091AA8533900A9420D /* SmthStructs.swift */,
			);
			name = SmthAPI;
			sourceTree = "<group>";
		};
		9CA61B9D1AC43B2E00E595C8 /* MJRefresh */ = {
			isa = PBXGroup;
			children = (
				9CA61B9E1AC43B2E00E595C8 /* MJRefresh.bundle */,
				9CA61B9F1AC43B2E00E595C8 /* MJRefresh.h */,
				9CA61BA01AC43B2E00E595C8 /* MJRefreshComponent.h */,
				9CA61BA11AC43B2E00E595C8 /* MJRefreshComponent.m */,
				9CA61BA21AC43B2E00E595C8 /* MJRefreshConst.h */,
				9CA61BA31AC43B2E00E595C8 /* MJRefreshConst.m */,
				9CA61BA41AC43B2E00E595C8 /* MJRefreshFooter.h */,
				9CA61BA51AC43B2E00E595C8 /* MJRefreshFooter.m */,
				9CA61BA61AC43B2E00E595C8 /* MJRefreshGifFooter.h */,
				9CA61BA71AC43B2E00E595C8 /* MJRefreshGifFooter.m */,
				9CA61BA81AC43B2E00E595C8 /* MJRefreshGifHeader.h */,
				9CA61BA91AC43B2E00E595C8 /* MJRefreshGifHeader.m */,
				9CA61BAA1AC43B2E00E595C8 /* MJRefreshHeader.h */,
				9CA61BAB1AC43B2E00E595C8 /* MJRefreshHeader.m */,
				9CA61BAC1AC43B2E00E595C8 /* MJRefreshLegendFooter.h */,
				9CA61BAD1AC43B2E00E595C8 /* MJRefreshLegendFooter.m */,
				9CA61BAE1AC43B2E00E595C8 /* MJRefreshLegendHeader.h */,
				9CA61BAF1AC43B2E00E595C8 /* MJRefreshLegendHeader.m */,
				9CA61BB01AC43B2E00E595C8 /* UIScrollView+MJExtension.h */,
				9CA61BB11AC43B2E00E595C8 /* UIScrollView+MJExtension.m */,
				9CA61BB21AC43B2E00E595C8 /* UIScrollView+MJRefresh.h */,
				9CA61BB31AC43B2E00E595C8 /* UIScrollView+MJRefresh.m */,
				9CA61BB41AC43B2E00E595C8 /* UIView+MJExtension.h */,
				9CA61BB51AC43B2E00E595C8 /* UIView+MJExtension.m */,
			);
			path = MJRefresh;
			sourceTree = "<group>";
		};
		9CA6E8CE1AAACC3A00B1D88F /* TableViewCells */ = {
			isa = PBXGroup;
			children = (
				9CA6E8CF1AAACC7700B1D88F /* HotTableViewCell.swift */,
				9C3861391AB7F1AB0062340B /* ArticleListCell.swift */,
				9C3D34111ABA72DD00DC6E0E /* MailListCell.swift */,
				9CF9E8301ABAF68300A880AB /* ReminderListCell.swift */,
				9C04C0821B47C99E00C4C2F8 /* ArticleContentCell.swift */,
			);
			name = TableViewCells;
			sourceTree = "<group>";
		};
		9CB4EA101AB923B5000986D0 /* MBProgressHUD */ = {
			isa = PBXGroup;
			children = (
				9CB4EA111AB923B5000986D0 /* MBProgressHUD.h */,
				9CB4EA121AB923B5000986D0 /* MBProgressHUD.m */,
			);
			path = MBProgressHUD;
			sourceTree = "<group>";
		};
		9CD7E4051B3EC67200A75C62 /* Kingfisher */ = {
			isa = PBXGroup;
			children = (
				9CD7E4061B3EC67200A75C62 /* ImageCache.swift */,
				9CD7E4071B3EC67200A75C62 /* ImageDownloader.swift */,
				9CD7E40A1B3EC67200A75C62 /* KingfisherManager.swift */,
				9CD7E40B1B3EC67200A75C62 /* KingfisherOptions.swift */,
				9CD7E40C1B3EC67200A75C62 /* KingfisherOptionsInfo.swift */,
				9CD7E40D1B3EC67200A75C62 /* String+MD5.swift */,
				9CD7E40E1B3EC67200A75C62 /* UIButton+Kingfisher.swift */,
				9CD7E40F1B3EC67200A75C62 /* UIImage+Decode.swift */,
				9CD7E4101B3EC67200A75C62 /* UIImageView+Kingfisher.swift */,
				9CD7E4111B3EC67200A75C62 /* WKInterfaceImage+Kingfisher.swift */,
			);
			path = Kingfisher;
			sourceTree = "<group>";
		};
		9CEDC6321B4695D000D79064 /* Products */ = {
			isa = PBXGroup;
			children = (
				9CEDC6371B4695D000D79064 /* RSTWebViewController.framework */,
				9CEDC6391B4695D000D79064 /* RSTWebViewControllerTests.xctest */,
			);
			name = Products;
			sourceTree = "<group>";
		};
		9CF32D221ABE598B008C5332 /* GUI */ = {
			isa = PBXGroup;
			children = (
				9CA267C31AA7EF2400CE5C5D /* Main.storyboard */,
				9CA267C81AA7EF2500CE5C5D /* LaunchScreen.xib */,
				9CA267C61AA7EF2500CE5C5D /* Images.xcassets */,
			);
			name = GUI;
			sourceTree = "<group>";
		};
/* End PBXGroup section */

/* Begin PBXNativeTarget section */
		9CA267B91AA7EF2400CE5C5D /* zsmth */ = {
			isa = PBXNativeTarget;
			buildConfigurationList = 9CA267D91AA7EF2500CE5C5D /* Build configuration list for PBXNativeTarget "zsmth" */;
			buildPhases = (
				9CA267B61AA7EF2400CE5C5D /* Sources */,
				9CA267B71AA7EF2400CE5C5D /* Frameworks */,
				9CA267B81AA7EF2400CE5C5D /* Resources */,
				9CE6B99C1B46467F0072FB51 /* ShellScript */,
				9CEDC63E1B46962B00D79064 /* Embed Frameworks */,
			);
			buildRules = (
			);
			dependencies = (
				9CEDC63D1B46962B00D79064 /* PBXTargetDependency */,
			);
			name = zsmth;
			productName = ZSMTH;
			productReference = 9CA267BA1AA7EF2400CE5C5D /* zsmth.app */;
			productType = "com.apple.product-type.application";
		};
		9CA267CE1AA7EF2500CE5C5D /* zsmthTests */ = {
			isa = PBXNativeTarget;
			buildConfigurationList = 9CA267DC1AA7EF2500CE5C5D /* Build configuration list for PBXNativeTarget "zsmthTests" */;
			buildPhases = (
				9CA267CB1AA7EF2500CE5C5D /* Sources */,
				9CA267CC1AA7EF2500CE5C5D /* Frameworks */,
				9CA267CD1AA7EF2500CE5C5D /* Resources */,
			);
			buildRules = (
			);
			dependencies = (
				9CA267D11AA7EF2500CE5C5D /* PBXTargetDependency */,
			);
			name = zsmthTests;
			productName = ZSMTHTests;
			productReference = 9CA267CF1AA7EF2500CE5C5D /* zsmthTests.xctest */;
			productType = "com.apple.product-type.bundle.unit-test";
		};
/* End PBXNativeTarget section */

/* Begin PBXProject section */
		9CA267B21AA7EF2400CE5C5D /* Project object */ = {
			isa = PBXProject;
			attributes = {
				LastUpgradeCheck = 0620;
				ORGANIZATIONNAME = "Naitong Yu";
				TargetAttributes = {
					9CA267B91AA7EF2400CE5C5D = {
						CreatedOnToolsVersion = 6.1.1;
						DevelopmentTeam = 9TXRXPVXCE;
						SystemCapabilities = {
							com.apple.BackgroundModes = {
								enabled = 1;
							};
						};
					};
					9CA267CE1AA7EF2500CE5C5D = {
						CreatedOnToolsVersion = 6.1.1;
						TestTargetID = 9CA267B91AA7EF2400CE5C5D;
					};
				};
			};
			buildConfigurationList = 9CA267B51AA7EF2400CE5C5D /* Build configuration list for PBXProject "zsmth" */;
			compatibilityVersion = "Xcode 3.2";
			developmentRegion = English;
			hasScannedForEncodings = 0;
			knownRegions = (
				en,
				Base,
			);
			mainGroup = 9CA267B11AA7EF2400CE5C5D;
			productRefGroup = 9CA267BB1AA7EF2400CE5C5D /* Products */;
			projectDirPath = "";
			projectReferences = (
				{
					ProductGroup = 9CEDC6321B4695D000D79064 /* Products */;
					ProjectRef = 9CEDC6311B4695D000D79064 /* RSTWebViewController.xcodeproj */;
				},
			);
			projectRoot = "";
			targets = (
				9CA267B91AA7EF2400CE5C5D /* zsmth */,
				9CA267CE1AA7EF2500CE5C5D /* zsmthTests */,
			);
		};
/* End PBXProject section */

/* Begin PBXReferenceProxy section */
		9CEDC6371B4695D000D79064 /* RSTWebViewController.framework */ = {
			isa = PBXReferenceProxy;
			fileType = wrapper.framework;
			path = RSTWebViewController.framework;
			remoteRef = 9CEDC6361B4695D000D79064 /* PBXContainerItemProxy */;
			sourceTree = BUILT_PRODUCTS_DIR;
		};
		9CEDC6391B4695D000D79064 /* RSTWebViewControllerTests.xctest */ = {
			isa = PBXReferenceProxy;
			fileType = wrapper.cfbundle;
			path = RSTWebViewControllerTests.xctest;
			remoteRef = 9CEDC6381B4695D000D79064 /* PBXContainerItemProxy */;
			sourceTree = BUILT_PRODUCTS_DIR;
		};
/* End PBXReferenceProxy section */

/* Begin PBXResourcesBuildPhase section */
		9CA267B81AA7EF2400CE5C5D /* Resources */ = {
			isa = PBXResourcesBuildPhase;
			buildActionMask = 2147483647;
			files = (
				9CA267C51AA7EF2500CE5C5D /* Main.storyboard in Resources */,
				9C3065961AC23589004005D0 /* InfoPlist.strings in Resources */,
				9CA267CA1AA7EF2500CE5C5D /* LaunchScreen.xib in Resources */,
				9CA61BB61AC43B2E00E595C8 /* MJRefresh.bundle in Resources */,
				9CA267C71AA7EF2500CE5C5D /* Images.xcassets in Resources */,
			);
			runOnlyForDeploymentPostprocessing = 0;
		};
		9CA267CD1AA7EF2500CE5C5D /* Resources */ = {
			isa = PBXResourcesBuildPhase;
			buildActionMask = 2147483647;
			files = (
			);
			runOnlyForDeploymentPostprocessing = 0;
		};
/* End PBXResourcesBuildPhase section */

/* Begin PBXShellScriptBuildPhase section */
		9CE6B99C1B46467F0072FB51 /* ShellScript */ = {
			isa = PBXShellScriptBuildPhase;
			buildActionMask = 2147483647;
			files = (
			);
			inputPaths = (
			);
			outputPaths = (
			);
			runOnlyForDeploymentPostprocessing = 0;
			shellPath = /bin/bash;
			shellScript = "#!/bin/bash\nbuildNumber=$(/usr/libexec/PlistBuddy -c \"Print CFBundleVersion\" \"$INFOPLIST_FILE\")\nbuildNumber=$(($buildNumber + 1))\n/usr/libexec/PlistBuddy -c \"Set :CFBundleVersion $buildNumber\" \"$INFOPLIST_FILE\"\n";
		};
/* End PBXShellScriptBuildPhase section */

/* Begin PBXSourcesBuildPhase section */
		9CA267B61AA7EF2400CE5C5D /* Sources */ = {
			isa = PBXSourcesBuildPhase;
			buildActionMask = 2147483647;
			files = (
				9CF60D5F1B465FDB00EA7449 /* UIScreen+Additions.m in Sources */,
				9CA61BB81AC43B2E00E595C8 /* MJRefreshConst.m in Sources */,
				9C6D61F11AB9B4B3005A8259 /* ComposeArticleController.swift in Sources */,
				9CA61BBC1AC43B2E00E595C8 /* MJRefreshHeader.m in Sources */,
				9C72F6211ABD0ADE0098F9D8 /* ReferContentViewController.swift in Sources */,
				9C9E4F791AB5A0D50053CBD8 /* UIImage+JTSImageEffects.m in Sources */,
				9CD7E4041B3EBF4E00A75C62 /* SettingsViewController.swift in Sources */,
				9CA61BC01AC43B2E00E595C8 /* UIScrollView+MJRefresh.m in Sources */,
				9CA6E8D21AAADF7E00B1D88F /* ArticleContentViewController.swift in Sources */,
				9CD7E4161B3EC67200A75C62 /* KingfisherOptions.swift in Sources */,
				9CEDC66F1B46DAC200D79064 /* NYNavigationController.swift in Sources */,
				9C40E71A1B40F16A00D0C673 /* AboutViewController.swift in Sources */,
				9C9E4F741AB5A0D50053CBD8 /* JTSAnimatedGIFUtility.m in Sources */,
				9C9E4F751AB5A0D50053CBD8 /* JTSImageInfo.m in Sources */,
				9C04C0831B47C99E00C4C2F8 /* ArticleContentCell.swift in Sources */,
				9CB4EA131AB923B5000986D0 /* MBProgressHUD.m in Sources */,
				9CA61BBE1AC43B2E00E595C8 /* MJRefreshLegendHeader.m in Sources */,
				9CD7E4191B3EC67200A75C62 /* UIButton+Kingfisher.swift in Sources */,
				9CA61BB91AC43B2E00E595C8 /* MJRefreshFooter.m in Sources */,
				9CA6E8D01AAACC7700B1D88F /* HotTableViewCell.swift in Sources */,
				9C3D34101ABA717900DC6E0E /* MailBoxViewController.swift in Sources */,
				9C9E4F761AB5A0D50053CBD8 /* JTSImageViewController.m in Sources */,
				9CF9E8311ABAF68300A880AB /* ReminderListCell.swift in Sources */,
				9CD7E4121B3EC67200A75C62 /* ImageCache.swift in Sources */,
				9CA61BC11AC43B2E00E595C8 /* UIView+MJExtension.m in Sources */,
				9CC73B5A1AB7251A000F9AE9 /* BoardListViewController.swift in Sources */,
				9CA61BB71AC43B2E00E595C8 /* MJRefreshComponent.m in Sources */,
				9CBBE3DC1AAF1EE80019C511 /* AppSetting.swift in Sources */,
				9CD7E4151B3EC67200A75C62 /* KingfisherManager.swift in Sources */,
				9C38613A1AB7F1AB0062340B /* ArticleListCell.swift in Sources */,
				9C5582911ABD9E9400D76A6E /* ComposeEmailController.swift in Sources */,
				9CA267F01AA8021600CE5C5D /* SmthAPI.swift in Sources */,
				9C9E4F781AB5A0D50053CBD8 /* UIApplication+JTSImageViewController.m in Sources */,
				9CD7E41C1B3EC67200A75C62 /* WKInterfaceImage+Kingfisher.swift in Sources */,
				9C16B0CC1B45963E007F1F31 /* UITableView+FDTemplateLayoutCell.m in Sources */,
				9C33C8701AB8815700E5BFD2 /* FavListViewController.swift in Sources */,
				9C3D34141ABA814A00DC6E0E /* UserViewController.swift in Sources */,
				9CA61BBF1AC43B2E00E595C8 /* UIScrollView+MJExtension.m in Sources */,
				9C3D34121ABA72DD00DC6E0E /* MailListCell.swift in Sources */,
				9CA61BBD1AC43B2E00E595C8 /* MJRefreshLegendFooter.m in Sources */,
				9C04C0871B47E84F00C4C2F8 /* UIView+Additions.m in Sources */,
				9CA267ED1AA7F04600CE5C5D /* SMTHURLConnection+Addon.m in Sources */,
				9C9E4F771AB5A0D50053CBD8 /* JTSSimpleImageDownloader.m in Sources */,
				9CA61BBA1AC43B2E00E595C8 /* MJRefreshGifFooter.m in Sources */,
				9CD7E4171B3EC67200A75C62 /* KingfisherOptionsInfo.swift in Sources */,
				9C3BC2F71B49AC140027D9E2 /* TTTAttributedLabel.m in Sources */,
				9CD7E4131B3EC67200A75C62 /* ImageDownloader.swift in Sources */,
				9CF9E82F1ABAF64100A880AB /* ReminderViewController.swift in Sources */,
				9CD7E4181B3EC67200A75C62 /* String+MD5.swift in Sources */,
				9CD7E41A1B3EC67200A75C62 /* UIImage+Decode.swift in Sources */,
				9CA267C01AA7EF2400CE5C5D /* AppDelegate.swift in Sources */,
				9CA61B9C1AC42ED700E595C8 /* LoginViewController.swift in Sources */,
				9CA61BBB1AC43B2E00E595C8 /* MJRefreshGifHeader.m in Sources */,
				9C13B70A1AA8533900A9420D /* SmthStructs.swift in Sources */,
				9C5508C01AA98B32006931B6 /* HotTableViewController.swift in Sources */,
				9C7700C81ABFB86800F9471B /* BaseTableViewController.swift in Sources */,
				9C9E4F7B1AB5D2350053CBD8 /* SmthSplitViewController.swift in Sources */,
				9C3861381AB7E9AC0062340B /* ArticleListViewController.swift in Sources */,
				9CA5B2201B1870FB00C24777 /* EulaViewController.swift in Sources */,
				9CD7E41B1B3EC67200A75C62 /* UIImageView+Kingfisher.swift in Sources */,
				9CA267EC1AA7F04600CE5C5D /* client_signature.m in Sources */,
				9C9DE9841ABBB6B8001C292F /* MailContentViewController.swift in Sources */,
			);
			runOnlyForDeploymentPostprocessing = 0;
		};
		9CA267CB1AA7EF2500CE5C5D /* Sources */ = {
			isa = PBXSourcesBuildPhase;
			buildActionMask = 2147483647;
			files = (
				9CA267D61AA7EF2500CE5C5D /* ZSMTHTests.swift in Sources */,
			);
			runOnlyForDeploymentPostprocessing = 0;
		};
/* End PBXSourcesBuildPhase section */

/* Begin PBXTargetDependency section */
		9CA267D11AA7EF2500CE5C5D /* PBXTargetDependency */ = {
			isa = PBXTargetDependency;
			target = 9CA267B91AA7EF2400CE5C5D /* zsmth */;
			targetProxy = 9CA267D01AA7EF2500CE5C5D /* PBXContainerItemProxy */;
		};
		9CEDC63D1B46962B00D79064 /* PBXTargetDependency */ = {
			isa = PBXTargetDependency;
			name = RSTWebViewController;
			targetProxy = 9CEDC63C1B46962B00D79064 /* PBXContainerItemProxy */;
		};
/* End PBXTargetDependency section */

/* Begin PBXVariantGroup section */
		9C3065981AC23589004005D0 /* InfoPlist.strings */ = {
			isa = PBXVariantGroup;
			children = (
				9C3065971AC23589004005D0 /* Base */,
				9C30659E1AC23861004005D0 /* en */,
			);
			name = InfoPlist.strings;
			sourceTree = "<group>";
		};
		9CA267C31AA7EF2400CE5C5D /* Main.storyboard */ = {
			isa = PBXVariantGroup;
			children = (
				9CA267C41AA7EF2500CE5C5D /* Base */,
			);
			name = Main.storyboard;
			sourceTree = "<group>";
		};
		9CA267C81AA7EF2500CE5C5D /* LaunchScreen.xib */ = {
			isa = PBXVariantGroup;
			children = (
				9CA267C91AA7EF2500CE5C5D /* Base */,
			);
			name = LaunchScreen.xib;
			sourceTree = "<group>";
		};
/* End PBXVariantGroup section */

/* Begin XCBuildConfiguration section */
		9CA267D71AA7EF2500CE5C5D /* Debug */ = {
			isa = XCBuildConfiguration;
			buildSettings = {
				ALWAYS_SEARCH_USER_PATHS = NO;
				CLANG_CXX_LANGUAGE_STANDARD = "gnu++0x";
				CLANG_CXX_LIBRARY = "libc++";
				CLANG_ENABLE_MODULES = YES;
				CLANG_ENABLE_OBJC_ARC = YES;
				CLANG_WARN_BOOL_CONVERSION = YES;
				CLANG_WARN_CONSTANT_CONVERSION = YES;
				CLANG_WARN_DIRECT_OBJC_ISA_USAGE = YES_ERROR;
				CLANG_WARN_EMPTY_BODY = YES;
				CLANG_WARN_ENUM_CONVERSION = YES;
				CLANG_WARN_INT_CONVERSION = YES;
				CLANG_WARN_OBJC_ROOT_CLASS = YES_ERROR;
				CLANG_WARN_UNREACHABLE_CODE = YES;
				CLANG_WARN__DUPLICATE_METHOD_MATCH = YES;
				"CODE_SIGN_IDENTITY[sdk=iphoneos*]" = "iPhone Developer";
				COPY_PHASE_STRIP = NO;
				ENABLE_STRICT_OBJC_MSGSEND = YES;
				GCC_C_LANGUAGE_STANDARD = gnu99;
				GCC_DYNAMIC_NO_PIC = NO;
				GCC_OPTIMIZATION_LEVEL = 0;
				GCC_PREPROCESSOR_DEFINITIONS = (
					"DEBUG=1",
					"$(inherited)",
				);
				GCC_SYMBOLS_PRIVATE_EXTERN = NO;
				GCC_WARN_64_TO_32_BIT_CONVERSION = YES;
				GCC_WARN_ABOUT_RETURN_TYPE = YES_ERROR;
				GCC_WARN_UNDECLARED_SELECTOR = YES;
				GCC_WARN_UNINITIALIZED_AUTOS = YES_AGGRESSIVE;
				GCC_WARN_UNUSED_FUNCTION = YES;
				GCC_WARN_UNUSED_VARIABLE = YES;
				IPHONEOS_DEPLOYMENT_TARGET = 8.0;
				MTL_ENABLE_DEBUG_INFO = YES;
				ONLY_ACTIVE_ARCH = YES;
				SDKROOT = iphoneos;
				SWIFT_OPTIMIZATION_LEVEL = "-Onone";
				TARGETED_DEVICE_FAMILY = "1,2";
			};
			name = Debug;
		};
		9CA267D81AA7EF2500CE5C5D /* Release */ = {
			isa = XCBuildConfiguration;
			buildSettings = {
				ALWAYS_SEARCH_USER_PATHS = NO;
				CLANG_CXX_LANGUAGE_STANDARD = "gnu++0x";
				CLANG_CXX_LIBRARY = "libc++";
				CLANG_ENABLE_MODULES = YES;
				CLANG_ENABLE_OBJC_ARC = YES;
				CLANG_WARN_BOOL_CONVERSION = YES;
				CLANG_WARN_CONSTANT_CONVERSION = YES;
				CLANG_WARN_DIRECT_OBJC_ISA_USAGE = YES_ERROR;
				CLANG_WARN_EMPTY_BODY = YES;
				CLANG_WARN_ENUM_CONVERSION = YES;
				CLANG_WARN_INT_CONVERSION = YES;
				CLANG_WARN_OBJC_ROOT_CLASS = YES_ERROR;
				CLANG_WARN_UNREACHABLE_CODE = YES;
				CLANG_WARN__DUPLICATE_METHOD_MATCH = YES;
				"CODE_SIGN_IDENTITY[sdk=iphoneos*]" = "iPhone Developer";
				COPY_PHASE_STRIP = YES;
				ENABLE_NS_ASSERTIONS = NO;
				ENABLE_STRICT_OBJC_MSGSEND = YES;
				GCC_C_LANGUAGE_STANDARD = gnu99;
				GCC_WARN_64_TO_32_BIT_CONVERSION = YES;
				GCC_WARN_ABOUT_RETURN_TYPE = YES_ERROR;
				GCC_WARN_UNDECLARED_SELECTOR = YES;
				GCC_WARN_UNINITIALIZED_AUTOS = YES_AGGRESSIVE;
				GCC_WARN_UNUSED_FUNCTION = YES;
				GCC_WARN_UNUSED_VARIABLE = YES;
				IPHONEOS_DEPLOYMENT_TARGET = 8.0;
				MTL_ENABLE_DEBUG_INFO = NO;
				SDKROOT = iphoneos;
				TARGETED_DEVICE_FAMILY = "1,2";
				VALIDATE_PRODUCT = YES;
			};
			name = Release;
		};
		9CA267DA1AA7EF2500CE5C5D /* Debug */ = {
			isa = XCBuildConfiguration;
			buildSettings = {
				ASSETCATALOG_COMPILER_APPICON_NAME = AppIcon;
				CLANG_ENABLE_MODULES = YES;
				CODE_SIGN_IDENTITY = "iPhone Developer";
				INFOPLIST_FILE = "$(SRCROOT)/ZSMTH/Info.plist";
				IPHONEOS_DEPLOYMENT_TARGET = 8.0;
				LD_RUNPATH_SEARCH_PATHS = "$(inherited) @executable_path/Frameworks";
				LIBRARY_SEARCH_PATHS = (
					"$(inherited)",
					"$(PROJECT_DIR)/ZSMTH/Frameworks",
				);
				"OTHER_SWIFT_FLAGS[arch=*]" = "-D DEBUG";
				PRODUCT_NAME = zsmth;
				SWIFT_OBJC_BRIDGING_HEADER = "ZSMTH/ZSMTH-Bridging-Header.h";
				SWIFT_OPTIMIZATION_LEVEL = "-Onone";
				SWIFT_WHOLE_MODULE_OPTIMIZATION = NO;
				TARGETED_DEVICE_FAMILY = "1,2";
			};
			name = Debug;
		};
		9CA267DB1AA7EF2500CE5C5D /* Release */ = {
			isa = XCBuildConfiguration;
			buildSettings = {
				ASSETCATALOG_COMPILER_APPICON_NAME = AppIcon;
				CLANG_ENABLE_MODULES = YES;
				CODE_SIGN_IDENTITY = "iPhone Developer";
				COPY_PHASE_STRIP = NO;
				INFOPLIST_FILE = "$(SRCROOT)/ZSMTH/Info.plist";
				IPHONEOS_DEPLOYMENT_TARGET = 8.0;
				LD_RUNPATH_SEARCH_PATHS = "$(inherited) @executable_path/Frameworks";
				LIBRARY_SEARCH_PATHS = (
					"$(inherited)",
					"$(PROJECT_DIR)/ZSMTH/Frameworks",
				);
				PRODUCT_NAME = zsmth;
				SWIFT_OBJC_BRIDGING_HEADER = "ZSMTH/ZSMTH-Bridging-Header.h";
				SWIFT_WHOLE_MODULE_OPTIMIZATION = YES;
				TARGETED_DEVICE_FAMILY = "1,2";
			};
			name = Release;
		};
		9CA267DD1AA7EF2500CE5C5D /* Debug */ = {
			isa = XCBuildConfiguration;
			buildSettings = {
				BUNDLE_LOADER = "$(TEST_HOST)";
				FRAMEWORK_SEARCH_PATHS = (
					"$(SDKROOT)/Developer/Library/Frameworks",
					"$(inherited)",
				);
				GCC_PREPROCESSOR_DEFINITIONS = (
					"DEBUG=1",
					"$(inherited)",
				);
				INFOPLIST_FILE = ZSMTHTests/Info.plist;
				LD_RUNPATH_SEARCH_PATHS = "$(inherited) @executable_path/Frameworks @loader_path/Frameworks";
				PRODUCT_NAME = zsmthTests;
				TEST_HOST = "$(BUILT_PRODUCTS_DIR)/ZSMTH.app/ZSMTH";
			};
			name = Debug;
		};
		9CA267DE1AA7EF2500CE5C5D /* Release */ = {
			isa = XCBuildConfiguration;
			buildSettings = {
				BUNDLE_LOADER = "$(TEST_HOST)";
				FRAMEWORK_SEARCH_PATHS = (
					"$(SDKROOT)/Developer/Library/Frameworks",
					"$(inherited)",
				);
				INFOPLIST_FILE = ZSMTHTests/Info.plist;
				LD_RUNPATH_SEARCH_PATHS = "$(inherited) @executable_path/Frameworks @loader_path/Frameworks";
				PRODUCT_NAME = zsmthTests;
				TEST_HOST = "$(BUILT_PRODUCTS_DIR)/ZSMTH.app/ZSMTH";
			};
			name = Release;
		};
/* End XCBuildConfiguration section */

/* Begin XCConfigurationList section */
		9CA267B51AA7EF2400CE5C5D /* Build configuration list for PBXProject "zsmth" */ = {
			isa = XCConfigurationList;
			buildConfigurations = (
				9CA267D71AA7EF2500CE5C5D /* Debug */,
				9CA267D81AA7EF2500CE5C5D /* Release */,
			);
			defaultConfigurationIsVisible = 0;
			defaultConfigurationName = Release;
		};
		9CA267D91AA7EF2500CE5C5D /* Build configuration list for PBXNativeTarget "zsmth" */ = {
			isa = XCConfigurationList;
			buildConfigurations = (
				9CA267DA1AA7EF2500CE5C5D /* Debug */,
				9CA267DB1AA7EF2500CE5C5D /* Release */,
			);
			defaultConfigurationIsVisible = 0;
			defaultConfigurationName = Release;
		};
		9CA267DC1AA7EF2500CE5C5D /* Build configuration list for PBXNativeTarget "zsmthTests" */ = {
			isa = XCConfigurationList;
			buildConfigurations = (
				9CA267DD1AA7EF2500CE5C5D /* Debug */,
				9CA267DE1AA7EF2500CE5C5D /* Release */,
			);
			defaultConfigurationIsVisible = 0;
			defaultConfigurationName = Release;
		};
/* End XCConfigurationList section */
	};
	rootObject = 9CA267B21AA7EF2400CE5C5D /* Project object */;
}
